
Microsoft Visual Studio Solution File, Format Version 12.00
# Visual Studio 15
VisualStudioVersion = 15.0.27004.2005
MinimumVisualStudioVersion = 10.0.40219.1
Project("{9A19103F-16F7-4668-BE54-9A1E7A4F7556}") = "Store.App.API", "Store.App.API\Store.App.API.csproj", "{020FFB8A-D140-434D-AB6A-4E69DFEDFD60}"
EndProject
Project("{9A19103F-16F7-4668-BE54-9A1E7A4F7556}") = "Store.App.Data", "Store.App.Data\Store.App.Data.csproj", "{71731A96-FDE0-4F48-8D17-29576D5FED81}"
EndProject
Project("{9A19103F-16F7-4668-BE54-9A1E7A4F7556}") = "Store.App.Model", "Store.App.Model\Store.App.Model.csproj", "{D1C419DE-E4A4-4283-A1B9-DDFC4F15A775}"
EndProject
Global
	GlobalSection(SolutionConfigurationPlatforms) = preSolution
		Debug|Any CPU = Debug|Any CPU
		Release|Any CPU = Release|Any CPU
	EndGlobalSection
	GlobalSection(ProjectConfigurationPlatforms) = postSolution
		{020FFB8A-D140-434D-AB6A-4E69DFEDFD60}.Debug|Any CPU.ActiveCfg = Debug|Any CPU
		{020FFB8A-D140-434D-AB6A-4E69DFEDFD60}.Debug|Any CPU.Build.0 = Debug|Any CPU
		{020FFB8A-D140-434D-AB6A-4E69DFEDFD60}.Release|Any CPU.ActiveCfg = Release|Any CPU
		{020FFB8A-D140-434D-AB6A-4E69DFEDFD60}.Release|Any CPU.Build.0 = Release|Any CPU
		{71731A96-FDE0-4F48-8D17-29576D5FED81}.Debug|Any CPU.ActiveCfg = Debug|Any CPU
		{71731A96-FDE0-4F48-8D17-29576D5FED81}.Debug|Any CPU.Build.0 = Debug|Any CPU
		{71731A96-FDE0-4F48-8D17-29576D5FED81}.Release|Any CPU.ActiveCfg = Release|Any CPU
		{71731A96-FDE0-4F48-8D17-29576D5FED81}.Release|Any CPU.Build.0 = Release|Any CPU
		{D1C419DE-E4A4-4283-A1B9-DDFC4F15A775}.Debug|Any CPU.ActiveCfg = Debug|Any CPU
		{D1C419DE-E4A4-4283-A1B9-DDFC4F15A775}.Debug|Any CPU.Build.0 = Debug|Any CPU
		{D1C419DE-E4A4-4283-A1B9-DDFC4F15A775}.Release|Any CPU.ActiveCfg = Release|Any CPU
		{D1C419DE-E4A4-4283-A1B9-DDFC4F15A775}.Release|Any CPU.Build.0 = Release|Any CPU
	EndGlobalSection
	GlobalSection(SolutionProperties) = preSolution
		HideSolutionNode = FALSE
	EndGlobalSection
	GlobalSection(ExtensibilityGlobals) = postSolution
		SolutionGuid = {7407FFB6-DC27-4E90-9533-6B7B4B61BEFF}
	EndGlobalSection
EndGlobal
